// !$*UTF8*$!
{
	archiveVersion = 1;
	classes = {
	};
	objectVersion = 46;
	objects = {

/* Begin PBXBuildFile section */
		4E2CB14413E5C905003208B9 /* UIKit.framework in Frameworks */ = {isa = PBXBuildFile; fileRef = 4E2CB14313E5C905003208B9 /* UIKit.framework */; };
		4E2CB14613E5C905003208B9 /* Foundation.framework in Frameworks */ = {isa = PBXBuildFile; fileRef = 4E2CB14513E5C905003208B9 /* Foundation.framework */; };
		4E2CB14813E5C905003208B9 /* CoreGraphics.framework in Frameworks */ = {isa = PBXBuildFile; fileRef = 4E2CB14713E5C905003208B9 /* CoreGraphics.framework */; };
		4E2CB14E13E5C905003208B9 /* InfoPlist.strings in Resources */ = {isa = PBXBuildFile; fileRef = 4E2CB14C13E5C905003208B9 /* InfoPlist.strings */; };
		4E2CB15013E5C905003208B9 /* main.m in Sources */ = {isa = PBXBuildFile; fileRef = 4E2CB14F13E5C905003208B9 /* main.m */; };
		4E2CB15413E5C905003208B9 /* KJMenuTableViewControllerAppDelegate.m in Sources */ = {isa = PBXBuildFile; fileRef = 4E2CB15313E5C905003208B9 /* KJMenuTableViewControllerAppDelegate.m */; };
		4E2CB15713E5C905003208B9 /* MainWindow.xib in Resources */ = {isa = PBXBuildFile; fileRef = 4E2CB15513E5C905003208B9 /* MainWindow.xib */; };
		4E2CB15A13E5C905003208B9 /* RootViewController.m in Sources */ = {isa = PBXBuildFile; fileRef = 4E2CB15913E5C905003208B9 /* RootViewController.m */; };
		4E2CB15D13E5C905003208B9 /* RootViewController.xib in Resources */ = {isa = PBXBuildFile; fileRef = 4E2CB15B13E5C905003208B9 /* RootViewController.xib */; };
/* End PBXBuildFile section */

/* Begin PBXFileReference section */
		4E2CB13F13E5C905003208B9 /* KJMenuTableViewController.app */ = {isa = PBXFileReference; explicitFileType = wrapper.application; includeInIndex = 0; path = KJMenuTableViewController.app; sourceTree = BUILT_PRODUCTS_DIR; };
		4E2CB14313E5C905003208B9 /* UIKit.framework */ = {isa = PBXFileReference; lastKnownFileType = wrapper.framework; name = UIKit.framework; path = System/Library/Frameworks/UIKit.framework; sourceTree = SDKROOT; };
		4E2CB14513E5C905003208B9 /* Foundation.framework */ = {isa = PBXFileReference; lastKnownFileType = wrapper.framework; name = Foundation.framework; path = System/Library/Frameworks/Foundation.framework; sourceTree = SDKROOT; };
		4E2CB14713E5C905003208B9 /* CoreGraphics.framework */ = {isa = PBXFileReference; lastKnownFileType = wrapper.framework; name = CoreGraphics.framework; path = System/Library/Frameworks/CoreGraphics.framework; sourceTree = SDKROOT; };
		4E2CB14B13E5C905003208B9 /* KJMenuTableViewController-Info.plist */ = {isa = PBXFileReference; path = "KJMenuTableViewController-Info.plist"; sourceTree = "<group>"; };
		4E2CB14D13E5C905003208B9 /* en */ = {isa = PBXFileReference; lastKnownFileType = text.plist.strings; name = en; path = en.lproj/InfoPlist.strings; sourceTree = "<group>"; };
		4E2CB14F13E5C905003208B9 /* main.m */ = {isa = PBXFileReference; lastKnownFileType = sourcecode.c.objc; path = main.m; sourceTree = "<group>"; };
		4E2CB15113E5C905003208B9 /* KJMenuTableViewController-Prefix.pch */ = {isa = PBXFileReference; path = "KJMenuTableViewController-Prefix.pch"; sourceTree = "<group>"; };
		4E2CB15213E5C905003208B9 /* KJMenuTableViewControllerAppDelegate.h */ = {isa = PBXFileReference; path = KJMenuTableViewControllerAppDelegate.h; sourceTree = "<group>"; };
		4E2CB15313E5C905003208B9 /* KJMenuTableViewControllerAppDelegate.m */ = {isa = PBXFileReference; lastKnownFileType = sourcecode.c.objc; path = KJMenuTableViewControllerAppDelegate.m; sourceTree = "<group>"; };
		4E2CB15613E5C905003208B9 /* en */ = {isa = PBXFileReference; lastKnownFileType = file.xib; name = en; path = en.lproj/MainWindow.xib; sourceTree = "<group>"; };
		4E2CB15813E5C905003208B9 /* RootViewController.h */ = {isa = PBXFileReference; path = RootViewController.h; sourceTree = "<group>"; };
		4E2CB15913E5C905003208B9 /* RootViewController.m */ = {isa = PBXFileReference; lastKnownFileType = sourcecode.c.objc; path = RootViewController.m; sourceTree = "<group>"; };
		4E2CB15C13E5C905003208B9 /* en */ = {isa = PBXFileReference; lastKnownFileType = file.xib; name = en; path = en.lproj/RootViewController.xib; sourceTree = "<group>"; };
/* End PBXFileReference section */

/* Begin PBXFrameworksBuildPhase section */
		4E2CB13C13E5C905003208B9 /* Frameworks */ = {
			isa = PBXFrameworksBuildPhase;
			buildActionMask = 2147483647;
			files = (
				4E2CB14413E5C905003208B9 /* UIKit.framework in Frameworks */,
				4E2CB14613E5C905003208B9 /* Foundation.framework in Frameworks */,
				4E2CB14813E5C905003208B9 /* CoreGraphics.framework in Frameworks */,
			);
			runOnlyForDeploymentPostprocessing = 0;
		};
/* End PBXFrameworksBuildPhase section */

/* Begin PBXGroup section */
		4E2CB13413E5C905003208B9 = {
			isa = PBXGroup;
			children = (
				4E2CB14913E5C905003208B9 /* KJMenuTableViewController */,
				4E2CB14213E5C905003208B9 /* Frameworks */,
				4E2CB14013E5C905003208B9 /* Products */,
			);
			sourceTree = "<group>";
		};
		4E2CB14013E5C905003208B9 /* Products */ = {
			isa = PBXGroup;
			children = (
				4E2CB13F13E5C905003208B9 /* KJMenuTableViewController.app */,
			);
			name = Products;
			sourceTree = "<group>";
		};
		4E2CB14213E5C905003208B9 /* Frameworks */ = {
			isa = PBXGroup;
			children = (
				4E2CB14313E5C905003208B9 /* UIKit.framework */,
				4E2CB14513E5C905003208B9 /* Foundation.framework */,
				4E2CB14713E5C905003208B9 /* CoreGraphics.framework */,
			);
			name = Frameworks;
			sourceTree = "<group>";
		};
		4E2CB14913E5C905003208B9 /* KJMenuTableViewController */ = {
			isa = PBXGroup;
			children = (
				4E2CB15213E5C905003208B9 /* KJMenuTableViewControllerAppDelegate.h */,
				4E2CB15313E5C905003208B9 /* KJMenuTableViewControllerAppDelegate.m */,
				4E2CB15513E5C905003208B9 /* MainWindow.xib */,
				4E2CB15813E5C905003208B9 /* RootViewController.h */,
				4E2CB15913E5C905003208B9 /* RootViewController.m */,
				4E2CB15B13E5C905003208B9 /* RootViewController.xib */,
				4E2CB14A13E5C905003208B9 /* Supporting Files */,
			);
			path = KJMenuTableViewController;
			sourceTree = "<group>";
		};
		4E2CB14A13E5C905003208B9 /* Supporting Files */ = {
			isa = PBXGroup;
			children = (
				4E2CB14B13E5C905003208B9 /* KJMenuTableViewController-Info.plist */,
				4E2CB14C13E5C905003208B9 /* InfoPlist.strings */,
				4E2CB14F13E5C905003208B9 /* main.m */,
				4E2CB15113E5C905003208B9 /* KJMenuTableViewController-Prefix.pch */,
			);
			name = "Supporting Files";
			sourceTree = "<group>";
		};
/* End PBXGroup section */

/* Begin PBXNativeTarget section */
		4E2CB13E13E5C905003208B9 /* KJMenuTableViewController */ = {
			isa = PBXNativeTarget;
			buildConfigurationList = 4E2CB16013E5C905003208B9 /* Build configuration list for PBXNativeTarget "KJMenuTableViewController" */;
			buildPhases = (
				4E2CB13B13E5C905003208B9 /* Sources */,
				4E2CB13C13E5C905003208B9 /* Frameworks */,
				4E2CB13D13E5C905003208B9 /* Resources */,
			);
			buildRules = (
			);
			dependencies = (
			);
			name = KJMenuTableViewController;
			productName = KJMenuTableViewController;
			productReference = 4E2CB13F13E5C905003208B9 /* KJMenuTableViewController.app */;
			productType = "com.apple.product-type.application";
		};
/* End PBXNativeTarget section */

/* Begin PBXProject section */
		4E2CB13613E5C905003208B9 /* Project object */ = {
			isa = PBXProject;
			attributes = {
				ORGANIZATIONNAME = "Capable Hands Technologies, Inc.";
			};
			buildConfigurationList = 4E2CB13913E5C905003208B9 /* Build configuration list for PBXProject "KJMenuTableViewController" */;
			compatibilityVersion = "Xcode 3.2";
			developmentRegion = English;
			hasScannedForEncodings = 0;
			knownRegions = (
				en,
			);
			mainGroup = 4E2CB13413E5C905003208B9;
			productRefGroup = 4E2CB14013E5C905003208B9 /* Products */;
			projectDirPath = "";
			projectRoot = "";
			targets = (
				4E2CB13E13E5C905003208B9 /* KJMenuTableViewController */,
			);
		};
/* End PBXProject section */

/* Begin PBXResourcesBuildPhase section */
		4E2CB13D13E5C905003208B9 /* Resources */ = {
			isa = PBXResourcesBuildPhase;
			buildActionMask = 2147483647;
			files = (
				4E2CB14E13E5C905003208B9 /* InfoPlist.strings in Resources */,
				4E2CB15713E5C905003208B9 /* MainWindow.xib in Resources */,
				4E2CB15D13E5C905003208B9 /* RootViewController.xib in Resources */,
			);
			runOnlyForDeploymentPostprocessing = 0;
		};
/* End PBXResourcesBuildPhase section */

/* Begin PBXSourcesBuildPhase section */
		4E2CB13B13E5C905003208B9 /* Sources */ = {
			isa = PBXSourcesBuildPhase;
			buildActionMask = 2147483647;
			files = (
				4E2CB15013E5C905003208B9 /* main.m in Sources */,
				4E2CB15413E5C905003208B9 /* KJMenuTableViewControllerAppDelegate.m in Sources */,
				4E2CB15A13E5C905003208B9 /* RootViewController.m in Sources */,
			);
			runOnlyForDeploymentPostprocessing = 0;
		};
/* End PBXSourcesBuildPhase section */

/* Begin PBXVariantGroup section */
		4E2CB14C13E5C905003208B9 /* InfoPlist.strings */ = {
			isa = PBXVariantGroup;
			children = (
				4E2CB14D13E5C905003208B9 /* en */,
			);
			name = InfoPlist.strings;
			sourceTree = "<group>";
		};
		4E2CB15513E5C905003208B9 /* MainWindow.xib */ = {
			isa = PBXVariantGroup;
			children = (
				4E2CB15613E5C905003208B9 /* en */,
			);
			name = MainWindow.xib;
			sourceTree = "<group>";
		};
		4E2CB15B13E5C905003208B9 /* RootViewController.xib */ = {
			isa = PBXVariantGroup;
			children = (
				4E2CB15C13E5C905003208B9 /* en */,
			);
			name = RootViewController.xib;
			sourceTree = "<group>";
		};
/* End PBXVariantGroup section */

/* Begin XCBuildConfiguration section */
		4E2CB15E13E5C905003208B9 /* Debug */ = {
			isa = XCBuildConfiguration;
			buildSettings = {
				ALWAYS_SEARCH_USER_PATHS = NO;
				ARCHS = "$(ARCHS_STANDARD_32_BIT)";
				"CODE_SIGN_IDENTITY[sdk=iphoneos*]" = "iPhone Developer";
				COPY_PHASE_STRIP = NO;
				GCC_C_LANGUAGE_STANDARD = gnu99;
				GCC_DYNAMIC_NO_PIC = NO;
				GCC_OPTIMIZATION_LEVEL = 0;
				GCC_PREPROCESSOR_DEFINITIONS = (
					"DEBUG=1",
					"$(inherited)",
				);
				GCC_SYMBOLS_PRIVATE_EXTERN = NO;
				GCC_VERSION = com.apple.compilers.llvmgcc42;
				GCC_WARN_ABOUT_MISSING_PROTOTYPES = YES;
				GCC_WARN_ABOUT_RETURN_TYPE = YES;
				GCC_WARN_UNUSED_VARIABLE = YES;
				IPHONEOS_DEPLOYMENT_TARGET = 4.3;
				SDKROOT = iphoneos;
			};
			name = Debug;
		};
		4E2CB15F13E5C905003208B9 /* Release */ = {
			isa = XCBuildConfiguration;
			buildSettings = {
				ALWAYS_SEARCH_USER_PATHS = NO;
				ARCHS = "$(ARCHS_STANDARD_32_BIT)";
				"CODE_SIGN_IDENTITY[sdk=iphoneos*]" = "iPhone Developer";
				COPY_PHASE_STRIP = YES;
				GCC_C_LANGUAGE_STANDARD = gnu99;
				GCC_VERSION = com.apple.compilers.llvmgcc42;
				GCC_WARN_ABOUT_MISSING_PROTOTYPES = YES;
				GCC_WARN_ABOUT_RETURN_TYPE = YES;
				GCC_WARN_UNUSED_VARIABLE = YES;
				IPHONEOS_DEPLOYMENT_TARGET = 4.3;
				OTHER_CFLAGS = "-DNS_BLOCK_ASSERTIONS=1";
				SDKROOT = iphoneos;
				VALIDATE_PRODUCT = YES;
			};
			name = Release;
		};
		4E2CB16113E5C905003208B9 /* Debug */ = {
			isa = XCBuildConfiguration;
			buildSettings = {
				GCC_PRECOMPILE_PREFIX_HEADER = YES;
				GCC_PREFIX_HEADER = "KJMenuTableViewController/KJMenuTableViewController-Prefix.pch";
				INFOPLIST_FILE = "KJMenuTableViewController/KJMenuTableViewController-Info.plist";
				PRODUCT_NAME = "$(TARGET_NAME)";
				WRAPPER_EXTENSION = app;
			};
			name = Debug;
		};
		4E2CB16213E5C905003208B9 /* Release */ = {
			isa = XCBuildConfiguration;
			buildSettings = {
				GCC_PRECOMPILE_PREFIX_HEADER = YES;
				GCC_PREFIX_HEADER = "KJMenuTableViewController/KJMenuTableViewController-Prefix.pch";
				INFOPLIST_FILE = "KJMenuTableViewController/KJMenuTableViewController-Info.plist";
				PRODUCT_NAME = "$(TARGET_NAME)";
				WRAPPER_EXTENSION = app;
			};
			name = Release;
		};
/* End XCBuildConfiguration section */

/* Begin XCConfigurationList section */
		4E2CB13913E5C905003208B9 /* Build configuration list for PBXProject "KJMenuTableViewController" */ = {
			isa = XCConfigurationList;
			buildConfigurations = (
				4E2CB15E13E5C905003208B9 /* Debug */,
				4E2CB15F13E5C905003208B9 /* Release */,
			);
			defaultConfigurationIsVisible = 0;
			defaultConfigurationName = Release;
		};
		4E2CB16013E5C905003208B9 /* Build configuration list for PBXNativeTarget "KJMenuTableViewController" */ = {
			isa = XCConfigurationList;
			buildConfigurations = (
				4E2CB16113E5C905003208B9 /* Debug */,
				4E2CB16213E5C905003208B9 /* Release */,
			);
			defaultConfigurationIsVisible = 0;
		};
/* End XCConfigurationList section */
	};
	rootObject = 4E2CB13613E5C905003208B9 /* Project object */;
}
